// !$*UTF8*$!
{
	archiveVersion = 1;
	classes = {
	};
	objectVersion = 50;
	objects = {

/* Begin PBXBuildFile section */
		D5798FF424EE890800D34EDE /* AppDelegate.swift in Sources */ = {isa = PBXBuildFile; fileRef = D5798FF324EE890800D34EDE /* AppDelegate.swift */; };
		D5798FF624EE890800D34EDE /* SceneDelegate.swift in Sources */ = {isa = PBXBuildFile; fileRef = D5798FF524EE890800D34EDE /* SceneDelegate.swift */; };
		D5798FF824EE890800D34EDE /* ContentView.swift in Sources */ = {isa = PBXBuildFile; fileRef = D5798FF724EE890800D34EDE /* ContentView.swift */; };
		D5798FFA24EE890900D34EDE /* Assets.xcassets in Resources */ = {isa = PBXBuildFile; fileRef = D5798FF924EE890900D34EDE /* Assets.xcassets */; };
		D5798FFD24EE890900D34EDE /* Preview Assets.xcassets in Resources */ = {isa = PBXBuildFile; fileRef = D5798FFC24EE890900D34EDE /* Preview Assets.xcassets */; };
		D579900024EE890900D34EDE /* LaunchScreen.storyboard in Resources */ = {isa = PBXBuildFile; fileRef = D5798FFE24EE890900D34EDE /* LaunchScreen.storyboard */; };
		D579900824EE9D6500D34EDE /* CW5.swift in Sources */ = {isa = PBXBuildFile; fileRef = D579900724EE9D6500D34EDE /* CW5.swift */; };
/* End PBXBuildFile section */

/* Begin PBXFileReference section */
		D5798FF024EE890800D34EDE /* SwiftUIDay2.app */ = {isa = PBXFileReference; explicitFileType = wrapper.application; includeInIndex = 0; path = SwiftUIDay2.app; sourceTree = BUILT_PRODUCTS_DIR; };
		D5798FF324EE890800D34EDE /* AppDelegate.swift */ = {isa = PBXFileReference; lastKnownFileType = sourcecode.swift; path = AppDelegate.swift; sourceTree = "<group>"; };
		D5798FF524EE890800D34EDE /* SceneDelegate.swift */ = {isa = PBXFileReference; lastKnownFileType = sourcecode.swift; path = SceneDelegate.swift; sourceTree = "<group>"; };
		D5798FF724EE890800D34EDE /* ContentView.swift */ = {isa = PBXFileReference; lastKnownFileType = sourcecode.swift; path = ContentView.swift; sourceTree = "<group>"; };
		D5798FF924EE890900D34EDE /* Assets.xcassets */ = {isa = PBXFileReference; lastKnownFileType = folder.assetcatalog; path = Assets.xcassets; sourceTree = "<group>"; };
		D5798FFC24EE890900D34EDE /* Preview Assets.xcassets */ = {isa = PBXFileReference; lastKnownFileType = folder.assetcatalog; path = "Preview Assets.xcassets"; sourceTree = "<group>"; };
		D5798FFF24EE890900D34EDE /* Base */ = {isa = PBXFileReference; lastKnownFileType = file.storyboard; name = Base; path = Base.lproj/LaunchScreen.storyboard; sourceTree = "<group>"; };
		D579900124EE890900D34EDE /* Info.plist */ = {isa = PBXFileReference; lastKnownFileType = text.plist.xml; path = Info.plist; sourceTree = "<group>"; };
		D579900724EE9D6500D34EDE /* CW5.swift */ = {isa = PBXFileReference; lastKnownFileType = sourcecode.swift; path = CW5.swift; sourceTree = "<group>"; };
/* End PBXFileReference section */

/* Begin PBXFrameworksBuildPhase section */
		D5798FED24EE890800D34EDE /* Frameworks */ = {
			isa = PBXFrameworksBuildPhase;
			buildActionMask = 2147483647;
			files = (
			);
			runOnlyForDeploymentPostprocessing = 0;
		};
/* End PBXFrameworksBuildPhase section */

/* Begin PBXGroup section */
		D5798FE724EE890800D34EDE = {
			isa = PBXGroup;
			children = (
				D5798FF224EE890800D34EDE /* SwiftUIDay2 */,
				D5798FF124EE890800D34EDE /* Products */,
			);
			sourceTree = "<group>";
		};
		D5798FF124EE890800D34EDE /* Products */ = {
			isa = PBXGroup;
			children = (
				D5798FF024EE890800D34EDE /* SwiftUIDay2.app */,
			);
			name = Products;
			sourceTree = "<group>";
		};
		D5798FF224EE890800D34EDE /* SwiftUIDay2 */ = {
			isa = PBXGroup;
			children = (
				D5798FF324EE890800D34EDE /* AppDelegate.swift */,
				D5798FF524EE890800D34EDE /* SceneDelegate.swift */,
				D5798FF724EE890800D34EDE /* ContentView.swift */,
				D579900724EE9D6500D34EDE /* CW5.swift */,
				D5798FF924EE890900D34EDE /* Assets.xcassets */,
				D5798FFE24EE890900D34EDE /* LaunchScreen.storyboard */,
				D579900124EE890900D34EDE /* Info.plist */,
				D5798FFB24EE890900D34EDE /* Preview Content */,
			);
			path = SwiftUIDay2;
			sourceTree = "<group>";
		};
		D5798FFB24EE890900D34EDE /* Preview Content */ = {
			isa = PBXGroup;
			children = (
				D5798FFC24EE890900D34EDE /* Preview Assets.xcassets */,
			);
			path = "Preview Content";
			sourceTree = "<group>";
		};
/* End PBXGroup section */

/* Begin PBXNativeTarget section */
		D5798FEF24EE890800D34EDE /* SwiftUIDay2 */ = {
			isa = PBXNativeTarget;
			buildConfigurationList = D579900424EE890900D34EDE /* Build configuration list for PBXNativeTarget "SwiftUIDay2" */;
			buildPhases = (
				D5798FEC24EE890800D34EDE /* Sources */,
				D5798FED24EE890800D34EDE /* Frameworks */,
				D5798FEE24EE890800D34EDE /* Resources */,
			);
			buildRules = (
			);
			dependencies = (
			);
			name = SwiftUIDay2;
			productName = SwiftUIDay2;
			productReference = D5798FF024EE890800D34EDE /* SwiftUIDay2.app */;
			productType = "com.apple.product-type.application";
		};
/* End PBXNativeTarget section */

/* Begin PBXProject section */
		D5798FE824EE890800D34EDE /* Project object */ = {
			isa = PBXProject;
			attributes = {
				LastSwiftUpdateCheck = 1160;
				LastUpgradeCheck = 1160;
				ORGANIZATIONNAME = Haider;
				TargetAttributes = {
					D5798FEF24EE890800D34EDE = {
						CreatedOnToolsVersion = 11.6;
					};
				};
			};
			buildConfigurationList = D5798FEB24EE890800D34EDE /* Build configuration list for PBXProject "SwiftUIDay2" */;
			compatibilityVersion = "Xcode 9.3";
			developmentRegion = en;
			hasScannedForEncodings = 0;
			knownRegions = (
				en,
				Base,
			);
			mainGroup = D5798FE724EE890800D34EDE;
			productRefGroup = D5798FF124EE890800D34EDE /* Products */;
			projectDirPath = "";
			projectRoot = "";
			targets = (
				D5798FEF24EE890800D34EDE /* SwiftUIDay2 */,
			);
		};
/* End PBXProject section */

/* Begin PBXResourcesBuildPhase section */
		D5798FEE24EE890800D34EDE /* Resources */ = {
			isa = PBXResourcesBuildPhase;
			buildActionMask = 2147483647;
			files = (
				D579900024EE890900D34EDE /* LaunchScreen.storyboard in Resources */,
				D5798FFD24EE890900D34EDE /* Preview Assets.xcassets in Resources */,
				D5798FFA24EE890900D34EDE /* Assets.xcassets in Resources */,
			);
			runOnlyForDeploymentPostprocessing = 0;
		};
/* End PBXResourcesBuildPhase section */

/* Begin PBXSourcesBuildPhase section */
		D5798FEC24EE890800D34EDE /* Sources */ = {
			isa = PBXSourcesBuildPhase;
			buildActionMask = 2147483647;
			files = (
				D5798FF424EE890800D34EDE /* AppDelegate.swift in Sources */,
				D5798FF624EE890800D34EDE /* SceneDelegate.swift in Sources */,
				D5798FF824EE890800D34EDE /* ContentView.swift in Sources */,
				D579900824EE9D6500D34EDE /* CW5.swift in Sources */,
			);
			runOnlyForDeploymentPostprocessing = 0;
		};
/* End PBXSourcesBuildPhase section */

/* Begin PBXVariantGroup section */
		D5798FFE24EE890900D34EDE /* LaunchScreen.storyboard */ = {
			isa = PBXVariantGroup;
			children = (
				D5798FFF24EE890900D34EDE /* Base */,
			);
			name = LaunchScreen.storyboard;
			sourceTree = "<group>";
		};
/* End PBXVariantGroup section */

/* Begin XCBuildConfiguration section */
		D579900224EE890900D34EDE /* Debug */ = {
			isa = XCBuildConfiguration;
			buildSettings = {
				ALWAYS_SEARCH_USER_PATHS = NO;
				CLANG_ANALYZER_NONNULL = YES;
				CLANG_ANALYZER_NUMBER_OBJECT_CONVERSION = YES_AGGRESSIVE;
				CLANG_CXX_LANGUAGE_STANDARD = "gnu++14";
				CLANG_CXX_LIBRARY = "libc++";
				CLANG_ENABLE_MODULES = YES;
				CLANG_ENABLE_OBJC_ARC = YES;
				CLANG_ENABLE_OBJC_WEAK = YES;
				CLANG_WARN_BLOCK_CAPTURE_AUTORELEASING = YES;
				CLANG_WARN_BOOL_CONVERSION = YES;
				CLANG_WARN_COMMA = YES;
				CLANG_WARN_CONSTANT_CONVERSION = YES;
				CLANG_WARN_DEPRECATED_OBJC_IMPLEMENTATIONS = YES;
				CLANG_WARN_DIRECT_OBJC_ISA_USAGE = YES_ERROR;
				CLANG_WARN_DOCUMENTATION_COMMENTS = YES;
				CLANG_WARN_EMPTY_BODY = YES;
				CLANG_WARN_ENUM_CONVERSION = YES;
				CLANG_WARN_INFINITE_RECURSION = YES;
				CLANG_WARN_INT_CONVERSION = YES;
				CLANG_WARN_NON_LITERAL_NULL_CONVERSION = YES;
				CLANG_WARN_OBJC_IMPLICIT_RETAIN_SELF = YES;
				CLANG_WARN_OBJC_LITERAL_CONVERSION = YES;
				CLANG_WARN_OBJC_ROOT_CLASS = YES_ERROR;
				CLANG_WARN_RANGE_LOOP_ANALYSIS = YES;
				CLANG_WARN_STRICT_PROTOTYPES = YES;
				CLANG_WARN_SUSPICIOUS_MOVE = YES;
				CLANG_WARN_UNGUARDED_AVAILABILITY = YES_AGGRESSIVE;
				CLANG_WARN_UNREACHABLE_CODE = YES;
				CLANG_WARN__DUPLICATE_METHOD_MATCH = YES;
				COPY_PHASE_STRIP = NO;
				DEBUG_INFORMATION_FORMAT = dwarf;
				ENABLE_STRICT_OBJC_MSGSEND = YES;
				ENABLE_TESTABILITY = YES;
				GCC_C_LANGUAGE_STANDARD = gnu11;
				GCC_DYNAMIC_NO_PIC = NO;
				GCC_NO_COMMON_BLOCKS = YES;
				GCC_OPTIMIZATION_LEVEL = 0;
				GCC_PREPROCESSOR_DEFINITIONS = (
					"DEBUG=1",
					"$(inherited)",
				);
				GCC_WARN_64_TO_32_BIT_CONVERSION = YES;
				GCC_WARN_ABOUT_RETURN_TYPE = YES_ERROR;
				GCC_WARN_UNDECLARED_SELECTOR = YES;
				GCC_WARN_UNINITIALIZED_AUTOS = YES_AGGRESSIVE;
				GCC_WARN_UNUSED_FUNCTION = YES;
				GCC_WARN_UNUSED_VARIABLE = YES;
				IPHONEOS_DEPLOYMENT_TARGET = 13.6;
				MTL_ENABLE_DEBUG_INFO = INCLUDE_SOURCE;
				MTL_FAST_MATH = YES;
				ONLY_ACTIVE_ARCH = YES;
				SDKROOT = iphoneos;
				SWIFT_ACTIVE_COMPILATION_CONDITIONS = DEBUG;
				SWIFT_OPTIMIZATION_LEVEL = "-Onone";
			};
			name = Debug;
		};
		D579900324EE890900D34EDE /* Release */ = {
			isa = XCBuildConfiguration;
			buildSettings = {
				ALWAYS_SEARCH_USER_PATHS = NO;
				CLANG_ANALYZER_NONNULL = YES;
				CLANG_ANALYZER_NUMBER_OBJECT_CONVERSION = YES_AGGRESSIVE;
				CLANG_CXX_LANGUAGE_STANDARD = "gnu++14";
				CLANG_CXX_LIBRARY = "libc++";
				CLANG_ENABLE_MODULES = YES;
				CLANG_ENABLE_OBJC_ARC = YES;
				CLANG_ENABLE_OBJC_WEAK = YES;
				CLANG_WARN_BLOCK_CAPTURE_AUTORELEASING = YES;
				CLANG_WARN_BOOL_CONVERSION = YES;
				CLANG_WARN_COMMA = YES;
				CLANG_WARN_CONSTANT_CONVERSION = YES;
				CLANG_WARN_DEPRECATED_OBJC_IMPLEMENTATIONS = YES;
				CLANG_WARN_DIRECT_OBJC_ISA_USAGE = YES_ERROR;
				CLANG_WARN_DOCUMENTATION_COMMENTS = YES;
				CLANG_WARN_EMPTY_BODY = YES;
				CLANG_WARN_ENUM_CONVERSION = YES;
				CLANG_WARN_INFINITE_RECURSION = YES;
				CLANG_WARN_INT_CONVERSION = YES;
				CLANG_WARN_NON_LITERAL_NULL_CONVERSION = YES;
				CLANG_WARN_OBJC_IMPLICIT_RETAIN_SELF = YES;
				CLANG_WARN_OBJC_LITERAL_CONVERSION = YES;
				CLANG_WARN_OBJC_ROOT_CLASS = YES_ERROR;
				CLANG_WARN_RANGE_LOOP_ANALYSIS = YES;
				CLANG_WARN_STRICT_PROTOTYPES = YES;
				CLANG_WARN_SUSPICIOUS_MOVE = YES;
				CLANG_WARN_UNGUARDED_AVAILABILITY = YES_AGGRESSIVE;
				CLANG_WARN_UNREACHABLE_CODE = YES;
				CLANG_WARN__DUPLICATE_METHOD_MATCH = YES;
				COPY_PHASE_STRIP = NO;
				DEBUG_INFORMATION_FORMAT = "dwarf-with-dsym";
				ENABLE_NS_ASSERTIONS = NO;
				ENABLE_STRICT_OBJC_MSGSEND = YES;
				GCC_C_LANGUAGE_STANDARD = gnu11;
				GCC_NO_COMMON_BLOCKS = YES;
				GCC_WARN_64_TO_32_BIT_CONVERSION = YES;
				GCC_WARN_ABOUT_RETURN_TYPE = YES_ERROR;
				GCC_WARN_UNDECLARED_SELECTOR = YES;
				GCC_WARN_UNINITIALIZED_AUTOS = YES_AGGRESSIVE;
				GCC_WARN_UNUSED_FUNCTION = YES;
				GCC_WARN_UNUSED_VARIABLE = YES;
				IPHONEOS_DEPLOYMENT_TARGET = 13.6;
				MTL_ENABLE_DEBUG_INFO = NO;
				MTL_FAST_MATH = YES;
				SDKROOT = iphoneos;
				SWIFT_COMPILATION_MODE = wholemodule;
				SWIFT_OPTIMIZATION_LEVEL = "-O";
				VALIDATE_PRODUCT = YES;
			};
			name = Release;
		};
		D579900524EE890900D34EDE /* Debug */ = {
			isa = XCBuildConfiguration;
			buildSettings = {
				ASSETCATALOG_COMPILER_APPICON_NAME = AppIcon;
				CODE_SIGN_STYLE = Automatic;
				DEVELOPMENT_ASSET_PATHS = "\"SwiftUIDay2/Preview Content\"";
				ENABLE_PREVIEWS = YES;
				INFOPLIST_FILE = SwiftUIDay2/Info.plist;
				LD_RUNPATH_SEARCH_PATHS = (
					"$(inherited)",
					"@executable_path/Frameworks",
				);
				PRODUCT_BUNDLE_IDENTIFIER = com.hab.SwiftUIDay2;
				PRODUCT_NAME = "$(TARGET_NAME)";
				SWIFT_VERSION = 5.0;
				TARGETED_DEVICE_FAMILY = "1,2";
			};
			name = Debug;
		};
		D579900624EE890900D34EDE /* Release */ = {
			isa = XCBuildConfiguration;
			buildSettings = {
				ASSETCATALOG_COMPILER_APPICON_NAME = AppIcon;
				CODE_SIGN_STYLE = Automatic;
				DEVELOPMENT_ASSET_PATHS = "\"SwiftUIDay2/Preview Content\"";
				ENABLE_PREVIEWS = YES;
				INFOPLIST_FILE = SwiftUIDay2/Info.plist;
				LD_RUNPATH_SEARCH_PATHS = (
					"$(inherited)",
					"@executable_path/Frameworks",
				);
				PRODUCT_BUNDLE_IDENTIFIER = com.hab.SwiftUIDay2;
				PRODUCT_NAME = "$(TARGET_NAME)";
				SWIFT_VERSION = 5.0;
				TARGETED_DEVICE_FAMILY = "1,2";
			};
			name = Release;
		};
/* End XCBuildConfiguration section */

/* Begin XCConfigurationList section */
		D5798FEB24EE890800D34EDE /* Build configuration list for PBXProject "SwiftUIDay2" */ = {
			isa = XCConfigurationList;
			buildConfigurations = (
				D579900224EE890900D34EDE /* Debug */,
				D579900324EE890900D34EDE /* Release */,
			);
			defaultConfigurationIsVisible = 0;
			defaultConfigurationName = Release;
		};
		D579900424EE890900D34EDE /* Build configuration list for PBXNativeTarget "SwiftUIDay2" */ = {
			isa = XCConfigurationList;
			buildConfigurations = (
				D579900524EE890900D34EDE /* Debug */,
				D579900624EE890900D34EDE /* Release */,
			);
			defaultConfigurationIsVisible = 0;
			defaultConfigurationName = Release;
		};
/* End XCConfigurationList section */
	};
	rootObject = D5798FE824EE890800D34EDE /* Project object */;
}
